
Microsoft Visual Studio Solution File, Format Version 12.00
# Visual Studio Version 17
VisualStudioVersion = 17.5.33627.172
MinimumVisualStudioVersion = 10.0.40219.1
Project("{FAE04EC0-301F-11D3-BF4B-00C04F79EFBC}") = "Q2", "Q2.csproj", "{C5661D47-3CEC-4934-BABB-56140888BE04}"
EndProject
Global
	GlobalSection(SolutionConfigurationPlatforms) = preSolution
		Debug|Any CPU = Debug|Any CPU
		Release|Any CPU = Release|Any CPU
	EndGlobalSection
	GlobalSection(ProjectConfigurationPlatforms) = postSolution
		{C5661D47-3CEC-4934-BABB-56140888BE04}.Debug|Any CPU.ActiveCfg = Debug|Any CPU
		{C5661D47-3CEC-4934-BABB-56140888BE04}.Debug|Any CPU.Build.0 = Debug|Any CPU
		{C5661D47-3CEC-4934-BABB-56140888BE04}.Release|Any CPU.ActiveCfg = Release|Any CPU
		{C5661D47-3CEC-4934-BABB-56140888BE04}.Release|Any CPU.Build.0 = Release|Any CPU
	EndGlobalSection
	GlobalSection(SolutionProperties) = preSolution
		HideSolutionNode = FALSE
	EndGlobalSection
	GlobalSection(ExtensibilityGlobals) = postSolution
		SolutionGuid = {E3378CE0-0869-4D30-8989-770C9C328751}
	EndGlobalSection
EndGlobal
